<?xml version="1.0" encoding="utf-8"?>
<Project ToolsVersion="4.0" xmlns="http://schemas.microsoft.com/developer/msbuild/2003">
  <ItemGroup>
    <Filter Include="Source Files">
      <UniqueIdentifier>{4FC737F1-C7A5-4376-A066-2A32D752A2FF}</UniqueIdentifier>
      <Extensions>cpp;c;cc;cxx;def;odl;idl;hpj;bat;asm;asmx</Extensions>
    </Filter>
    <Filter Include="Header Files">
      <UniqueIdentifier>{93995380-89BD-4b04-88EB-625FBE52EBFB}</UniqueIdentifier>
      <Extensions>h;hh;hpp;hxx;hm;inl;inc;xsd</Extensions>
    </Filter>
    <Filter Include="Resource Files">
      <UniqueIdentifier>{67DA6AB6-F800-4c08-8B7A-83BB121AAD01}</UniqueIdentifier>
      <Extensions>rc;ico;cur;bmp;dlg;rc2;rct;bin;rgs;gif;jpg;jpeg;jpe;resx;tiff;tif;png;wav;mfcribbon-ms</Extensions>
    </Filter>
    <Filter Include="Header Files\Graphics">
      <UniqueIdentifier>{89f9db25-6c52-45f5-8715-7a3584483ef6}</UniqueIdentifier>
    </Filter>
    <Filter Include="Header Files\Audio">
      <UniqueIdentifier>{96724dcd-e0b3-4f09-a171-b9eb1d4a8fd1}</UniqueIdentifier>
    </Filter>
    <Filter Include="Header Files\Graphics\Camera">
      <UniqueIdentifier>{a2a8c5d3-fab0-4dd5-9e2a-c9fbd8d1c79a}</UniqueIdentifier>
    </Filter>
    <Filter Include="Header Files\Graphics\Renderables">
      <UniqueIdentifier>{0fe3dce9-4734-44f7-a2a7-0be3b7d2d6eb}</UniqueIdentifier>
    </Filter>
    <Filter Include="Header Files\Game">
      <UniqueIdentifier>{1586f3f8-effe-4730-8757-de9e8e0e29bc}</UniqueIdentifier>
    </Filter>
    <Filter Include="Header Files\Graphics\Lights">
      <UniqueIdentifier>{b5338f95-4052-4e9d-bf2a-a3be23bf2570}</UniqueIdentifier>
    </Filter>
    <Filter Include="Source Files\Graphics">
      <UniqueIdentifier>{db58d025-0a5c-46c0-8987-5b7ea327e0f2}</UniqueIdentifier>
    </Filter>
    <Filter Include="Source Files\Audio">
      <UniqueIdentifier>{c8a3bfe4-11a8-40f8-b592-8615eb8d3eb2}</UniqueIdentifier>
    </Filter>
    <Filter Include="Source Files\Game">
      <UniqueIdentifier>{871c77ba-0bf2-4cb9-9da7-a68dd300c4c7}</UniqueIdentifier>
    </Filter>
    <Filter Include="Source Files\Graphics\Camera">
      <UniqueIdentifier>{8735072f-8ec1-43f7-a501-8ddc742d1d46}</UniqueIdentifier>
    </Filter>
    <Filter Include="Source Files\Graphics\Renderables">
      <UniqueIdentifier>{784efe85-4eb7-4f63-8009-4a7c6edf69ca}</UniqueIdentifier>
    </Filter>
    <Filter Include="Source Files\Graphics\Lights">
      <UniqueIdentifier>{674f9419-9e27-4c90-af2f-70d0407d3427}</UniqueIdentifier>
    </Filter>
    <Filter Include="Source Files\Maths">
      <UniqueIdentifier>{77ecedd7-6c0d-4b8c-9f41-12f44783fe56}</UniqueIdentifier>
    </Filter>
    <Filter Include="Header Files\Maths">
      <UniqueIdentifier>{61536f38-3d98-4afe-931a-ce0b63839c97}</UniqueIdentifier>
    </Filter>
    <Filter Include="Source Files\Graphics\Shaders">
      <UniqueIdentifier>{4d54efd7-6aa1-4bf7-92af-9f177425f238}</UniqueIdentifier>
    </Filter>
    <Filter Include="Source Files\Utility">
      <UniqueIdentifier>{023cd11d-bfab-4f89-9cd9-95d614317529}</UniqueIdentifier>
    </Filter>
    <Filter Include="Header Files\Utility">
      <UniqueIdentifier>{d1c57398-8a15-4741-89bb-4eddfa47c94a}</UniqueIdentifier>
    </Filter>
    <Filter Include="Source Files\Game\Scenes">
      <UniqueIdentifier>{5f75ec7c-77fa-4fed-b979-c27a408d3858}</UniqueIdentifier>
    </Filter>
    <Filter Include="Header Files\Game\Scenes">
      <UniqueIdentifier>{34ffb8f8-384d-448b-b45b-9bf2d46c9c87}</UniqueIdentifier>
    </Filter>
  </ItemGroup>
  <ItemGroup>
    <ClCompile Include="src\graphics\campersp.cpp">
      <Filter>Source Files</Filter>
    </ClCompile>
    <ClCompile Include="src\audio\audiobuffer.cpp">
      <Filter>Source Files\Audio</Filter>
    </ClCompile>
    <ClCompile Include="src\audio\audiosource.cpp">
      <Filter>Source Files\Audio</Filter>
    </ClCompile>
    <ClCompile Include="src\graphics\camera.cpp">
      <Filter>Source Files\Graphics\Camera</Filter>
    </ClCompile>
    <ClCompile Include="src\graphics\cameraortho.cpp">
      <Filter>Source Files\Graphics\Camera</Filter>
    </ClCompile>
    <ClCompile Include="src\graphics\campersp.cpp">
      <Filter>Source Files\Graphics\Camera</Filter>
    </ClCompile>
    <ClCompile Include="src\game.cpp">
      <Filter>Source Files\Game</Filter>
    </ClCompile>
    <ClCompile Include="src\graphics\renderable\box3d.cpp">
      <Filter>Source Files\Graphics\Renderables</Filter>
    </ClCompile>
    <ClCompile Include="src\graphics\renderable\gizmo3d.cpp">
      <Filter>Source Files\Graphics\Renderables</Filter>
    </ClCompile>
    <ClCompile Include="src\graphics\renderable\gyro3d.cpp">
      <Filter>Source Files\Graphics\Renderables</Filter>
    </ClCompile>
    <ClCompile Include="src\graphics\indexbuffer.cpp">
      <Filter>Source Files\Graphics</Filter>
    </ClCompile>
    <ClCompile Include="src\graphics\lightsource.cpp">
      <Filter>Source Files\Graphics\Lights</Filter>
    </ClCompile>
    <ClCompile Include="src\graphics\lightomni.cpp">
      <Filter>Source Files\Graphics\Lights</Filter>
    </ClCompile>
    <ClCompile Include="src\main.cpp">
      <Filter>Source Files\Game</Filter>
    </ClCompile>
    <ClCompile Include="src\maths\maths.cpp">
      <Filter>Source Files\Maths</Filter>
    </ClCompile>
    <ClCompile Include="src\maths\mat3.cpp">
      <Filter>Source Files\Maths</Filter>
    </ClCompile>
    <ClCompile Include="src\maths\mat4.cpp">
      <Filter>Source Files\Maths</Filter>
    </ClCompile>
    <ClCompile Include="src\graphics\renderable\model3d.cpp">
      <Filter>Source Files\Graphics\Renderables</Filter>
    </ClCompile>
    <ClCompile Include="src\graphics\renderable\renderable.cpp">
      <Filter>Source Files\Graphics\Renderables</Filter>
    </ClCompile>
    <ClCompile Include="src\screen.cpp">
      <Filter>Source Files\Game</Filter>
    </ClCompile>
    <ClCompile Include="src\graphics\renderable\skybox3d.cpp">
      <Filter>Source Files\Graphics\Renderables</Filter>
    </ClCompile>
    <ClCompile Include="src\graphics\renderable\sprite2d.cpp">
      <Filter>Source Files\Graphics\Renderables</Filter>
    </ClCompile>
    <ClCompile Include="src\graphics\renderable\sprite3d.cpp">
      <Filter>Source Files\Graphics\Renderables</Filter>
    </ClCompile>
    <ClCompile Include="src\graphics\texture.cpp">
      <Filter>Source Files\Graphics</Filter>
    </ClCompile>
    <ClCompile Include="src\graphics\window.cpp">
      <Filter>Source Files\Game</Filter>
    </ClCompile>
    <ClCompile Include="src\graphics\vertexarray.cpp">
      <Filter>Source Files\Graphics</Filter>
    </ClCompile>
    <ClCompile Include="src\graphics\vertexbuffer.cpp">
      <Filter>Source Files\Graphics</Filter>
    </ClCompile>
    <ClCompile Include="src\graphics\shader.cpp">
      <Filter>Source Files\Graphics\Shaders</Filter>
    </ClCompile>
    <ClCompile Include="src\utilities\console.cpp">
      <Filter>Source Files\Utility</Filter>
    </ClCompile>
    <ClCompile Include="src\utilities\file.cpp">
      <Filter>Source Files\Utility</Filter>
    </ClCompile>
    <ClCompile Include="src\utilities\utility.cpp">
      <Filter>Source Files\Utility</Filter>
    </ClCompile>
    <ClCompile Include="src\utilities\timer.cpp">
      <Filter>Source Files\Utility</Filter>
    </ClCompile>
    <ClCompile Include="src\utilities\controls.cpp">
      <Filter>Source Files\Utility</Filter>
    </ClCompile>
    <ClCompile Include="src\graphics\scene.cpp">
      <Filter>Source Files\Game\Scenes</Filter>
    </ClCompile>
    <ClCompile Include="src\graphics\scenetest.cpp">
      <Filter>Source Files\Game\Scenes</Filter>
    </ClCompile>
    <ClCompile Include="src\graphics\scenehud.cpp">
      <Filter>Source Files\Game\Scenes</Filter>
    </ClCompile>
    <ClCompile Include="src\graphics\renderable\modelmmf.cpp">
      <Filter>Source Files</Filter>
    </ClCompile>
    <ClCompile Include="src\graphics\renderable\modelobj.cpp">
      <Filter>Source Files</Filter>
    </ClCompile>
    <ClCompile Include="src\graphics\texture2d.cpp">
      <Filter>Source Files</Filter>
    </ClCompile>
    <ClCompile Include="src\graphics\cubemap.cpp">
      <Filter>Source Files</Filter>
    </ClCompile>
    <ClCompile Include="src\audio\wavfile.cpp">
      <Filter>Source Files</Filter>
    </ClCompile>
    <ClCompile Include="src\audio\audiofile.cpp">
      <Filter>Source Files</Filter>
    </ClCompile>
  </ItemGroup>
  <ItemGroup>
    <ClInclude Include="src\graphics\campersp.h">
      <Filter>Header Files</Filter>
    </ClInclude>
    <ClInclude Include="src\audio\audiobuffer.h">
      <Filter>Header Files\Audio</Filter>
    </ClInclude>
    <ClInclude Include="src\audio\audiosource.h">
      <Filter>Header Files\Audio</Filter>
    </ClInclude>
    <ClInclude Include="src\graphics\camera.h">
      <Filter>Header Files\Graphics\Camera</Filter>
    </ClInclude>
    <ClInclude Include="src\graphics\cameraortho.h">
      <Filter>Header Files\Graphics\Camera</Filter>
    </ClInclude>
    <ClInclude Include="src\graphics\campersp.h">
      <Filter>Header Files\Graphics\Camera</Filter>
    </ClInclude>
    <ClInclude Include="src\graphics\renderable\box3d.h">
      <Filter>Header Files\Graphics\Renderables</Filter>
    </ClInclude>
    <ClInclude Include="src\graphics\renderable\gizmo3d.h">
      <Filter>Header Files\Graphics\Renderables</Filter>
    </ClInclude>
    <ClInclude Include="src\graphics\renderable\gyro3d.h">
      <Filter>Header Files\Graphics\Renderables</Filter>
    </ClInclude>
    <ClInclude Include="src\screen.h">
      <Filter>Header Files\Game</Filter>
    </ClInclude>
    <ClInclude Include="src\graphics\renderable\model3d.h">
      <Filter>Header Files\Graphics</Filter>
    </ClInclude>
    <ClInclude Include="src\graphics\renderable\skybox3d.h">
      <Filter>Header Files\Graphics</Filter>
    </ClInclude>
    <ClInclude Include="src\graphics\texture.h">
      <Filter>Header Files\Graphics</Filter>
    </ClInclude>
    <ClInclude Include="src\graphics\shader.h">
      <Filter>Header Files\Graphics</Filter>
    </ClInclude>
    <ClInclude Include="src\graphics\renderable\renderable.h">
      <Filter>Header Files\Graphics\Renderables</Filter>
    </ClInclude>
    <ClInclude Include="src\graphics\graphics.h">
      <Filter>Header Files\Graphics</Filter>
    </ClInclude>
    <ClInclude Include="src\game.h">
      <Filter>Header Files\Game</Filter>
    </ClInclude>
    <ClInclude Include="src\graphics\lightomni.h">
      <Filter>Header Files\Graphics\Lights</Filter>
    </ClInclude>
    <ClInclude Include="src\graphics\lightsource.h">
      <Filter>Header Files\Graphics\Lights</Filter>
    </ClInclude>
    <ClInclude Include="src\maths\mat4.h">
      <Filter>Header Files\Maths</Filter>
    </ClInclude>
    <ClInclude Include="src\maths\maths.h">
      <Filter>Header Files\Maths</Filter>
    </ClInclude>
    <ClInclude Include="src\maths\mat3.h">
      <Filter>Header Files\Maths</Filter>
    </ClInclude>
    <ClInclude Include="src\graphics\vertexbuffer.h">
      <Filter>Header Files\Graphics</Filter>
    </ClInclude>
    <ClInclude Include="src\graphics\vertexarray.h">
      <Filter>Header Files\Graphics</Filter>
    </ClInclude>
    <ClInclude Include="src\maths\vec4.h">
      <Filter>Header Files\Graphics</Filter>
    </ClInclude>
    <ClInclude Include="src\maths\vec2.h">
      <Filter>Header Files\Graphics</Filter>
    </ClInclude>
    <ClInclude Include="src\maths\vec3.h">
      <Filter>Header Files\Graphics</Filter>
    </ClInclude>
    <ClInclude Include="src\graphics\window.h">
      <Filter>Header Files\Game</Filter>
    </ClInclude>
    <ClInclude Include="src\graphics\indexbuffer.h">
      <Filter>Header Files\Graphics</Filter>
    </ClInclude>
    <ClInclude Include="src\graphics\renderable\sprite2d.h">
      <Filter>Header Files\Graphics\Renderables</Filter>
    </ClInclude>
    <ClInclude Include="src\graphics\renderable\sprite3d.h">
      <Filter>Header Files\Graphics\Renderables</Filter>
    </ClInclude>
    <ClInclude Include="src\utilities\file.h">
      <Filter>Header Files\Utility</Filter>
    </ClInclude>
    <ClInclude Include="src\utilities\timer.h">
      <Filter>Header Files\Utility</Filter>
    </ClInclude>
    <ClInclude Include="src\utilities\utility.h">
      <Filter>Header Files\Utility</Filter>
    </ClInclude>
    <ClInclude Include="src\utilities\console.h">
      <Filter>Header Files\Utility</Filter>
    </ClInclude>
    <ClInclude Include="src\utilities\controls.h">
      <Filter>Header Files\Utility</Filter>
    </ClInclude>
    <ClInclude Include="src\graphics\scene.h">
      <Filter>Header Files\Game\Scenes</Filter>
    </ClInclude>
    <ClInclude Include="src\graphics\scenetest.h">
      <Filter>Header Files\Game\Scenes</Filter>
    </ClInclude>
    <ClInclude Include="src\graphics\scenehud.h">
      <Filter>Header Files\Game\Scenes</Filter>
    </ClInclude>
    <ClInclude Include="src\graphics\renderable\modelmmf.h">
      <Filter>Header Files</Filter>
    </ClInclude>
    <ClInclude Include="src\graphics\renderable\modelobj.h">
      <Filter>Header Files</Filter>
    </ClInclude>
    <ClInclude Include="src\graphics\texture2d.h">
      <Filter>Header Files</Filter>
    </ClInclude>
    <ClInclude Include="src\graphics\cubemap.h">
      <Filter>Header Files</Filter>
    </ClInclude>
    <ClInclude Include="src\audio\audiofile.h">
      <Filter>Header Files</Filter>
    </ClInclude>
    <ClInclude Include="src\audio\wavfile.h">
      <Filter>Header Files</Filter>
    </ClInclude>
  </ItemGroup>
  <ItemGroup>
    <None Include="res\shaders\basic2D.frag">
      <Filter>Source Files\Graphics\Shaders</Filter>
    </None>
    <None Include="res\shaders\basic2D.vert">
      <Filter>Source Files\Graphics\Shaders</Filter>
    </None>
    <None Include="res\shaders\basiccolour.frag">
      <Filter>Source Files\Graphics\Shaders</Filter>
    </None>
    <None Include="res\shaders\basiccolour.vert">
      <Filter>Source Files\Graphics\Shaders</Filter>
    </None>
    <None Include="res\shaders\basicPhong.frag">
      <Filter>Source Files\Graphics\Shaders</Filter>
    </None>
    <None Include="res\shaders\basicPhong.vert">
      <Filter>Source Files\Graphics\Shaders</Filter>
    </None>
    <None Include="res\shaders\basicSprite.frag">
      <Filter>Source Files\Graphics\Shaders</Filter>
    </None>
    <None Include="res\shaders\basicSprite.vert">
      <Filter>Source Files\Graphics\Shaders</Filter>
    </None>
    <None Include="res\shaders\in_colour.frag">
      <Filter>Source Files\Graphics\Shaders</Filter>
    </None>
    <None Include="res\shaders\in_colour.vert">
      <Filter>Source Files\Graphics\Shaders</Filter>
    </None>
    <None Include="res\shaders\sky.frag">
      <Filter>Source Files\Graphics\Shaders</Filter>
    </None>
    <None Include="res\shaders\sky.vert">
      <Filter>Source Files\Graphics\Shaders</Filter>
    </None>
  </ItemGroup>
</Project>